<?xml version="1.0" encoding="utf-8"?>
<Project ToolsVersion="4.0" xmlns:atg="http://atg.xbox.com" xmlns="http://schemas.microsoft.com/developer/msbuild/2003">
  <ItemGroup>
    <Filter Include="Resource Files">
      <UniqueIdentifier>{8e114980-c1a3-4ada-ad7c-83caadf5daeb}</UniqueIdentifier>
      <Extensions>rc;ico;cur;bmp;dlg;rc2;rct;bin;rgs;gif;jpg;jpeg;jpe</Extensions>
    </Filter>
    <Filter Include="DXUT">
      <UniqueIdentifier>{a43c5c25-0e86-4a20-b64a-883785ff74fd}</UniqueIdentifier>
    </Filter>
    <Filter Include="Shaders">
      <UniqueIdentifier>{2c3d4c8c-5d1a-459a-a05a-a4e4b608a44e}</UniqueIdentifier>
      <Extensions>fx;fxh;hlsl</Extensions>
    </Filter>
    <Filter Include="Managers">
      <UniqueIdentifier>{3d8c46c0-4547-4385-83d0-db24b7e5b738}</UniqueIdentifier>
    </Filter>
    <Filter Include="GameObject">
      <UniqueIdentifier>{30dae2bb-a40f-4277-ad23-525d9dd95bad}</UniqueIdentifier>
    </Filter>
    <Filter Include="GameObject\Base">
      <UniqueIdentifier>{12b18da0-c908-4080-8497-046594f2364a}</UniqueIdentifier>
    </Filter>
    <Filter Include="Component">
      <UniqueIdentifier>{93105cbc-aca7-4b7c-9419-b689123e49cb}</UniqueIdentifier>
    </Filter>
    <Filter Include="GameObject\Scene">
      <UniqueIdentifier>{322f5032-1947-4d83-9822-2b755952d437}</UniqueIdentifier>
    </Filter>
    <Filter Include="GameObject\Scene\Title">
      <UniqueIdentifier>{815da7af-93d7-4244-8608-5aa1b5a9e787}</UniqueIdentifier>
    </Filter>
    <Filter Include="GameObject\Stage">
      <UniqueIdentifier>{b00c9b59-9082-4da3-a19d-8aee9dd98e40}</UniqueIdentifier>
    </Filter>
    <Filter Include="GameObject\Character">
      <UniqueIdentifier>{4427a9ad-6ae8-4daa-994f-40ec68b49fd6}</UniqueIdentifier>
    </Filter>
  </ItemGroup>
  <ItemGroup>
    <None Include="DXUT\Optional\directx.ico">
      <Filter>Resource Files</Filter>
    </None>
    <ClInclude Include="DXUT\Core\DXUT.h">
      <Filter>DXUT</Filter>
    </ClInclude>
    <ClInclude Include="DXUT\Core\DXUTenum.h">
      <Filter>DXUT</Filter>
    </ClInclude>
    <ClInclude Include="DXUT\Core\DXUTmisc.h">
      <Filter>DXUT</Filter>
    </ClInclude>
    <ClCompile Include="DXUT\Core\DXUT.cpp">
      <Filter>DXUT</Filter>
    </ClCompile>
    <ClCompile Include="DXUT\Core\DXUTenum.cpp">
      <Filter>DXUT</Filter>
    </ClCompile>
    <ClCompile Include="DXUT\Core\DXUTmisc.cpp">
      <Filter>DXUT</Filter>
    </ClCompile>
    <ClInclude Include="DXUT\Optional\DXUTcamera.h">
      <Filter>DXUT</Filter>
    </ClInclude>
    <ClInclude Include="DXUT\Optional\DXUTgui.h">
      <Filter>DXUT</Filter>
    </ClInclude>
    <ClInclude Include="DXUT\Optional\DXUTres.h">
      <Filter>DXUT</Filter>
    </ClInclude>
    <ClInclude Include="DXUT\Optional\DXUTsettingsdlg.h">
      <Filter>DXUT</Filter>
    </ClInclude>
    <ClInclude Include="DXUT\Optional\SDKmesh.h">
      <Filter>DXUT</Filter>
    </ClInclude>
    <ClInclude Include="DXUT\Optional\SDKmisc.h">
      <Filter>DXUT</Filter>
    </ClInclude>
    <ClCompile Include="DXUT\Optional\DXUTcamera.cpp">
      <Filter>DXUT</Filter>
    </ClCompile>
    <ClCompile Include="DXUT\Optional\DXUTgui.cpp">
      <Filter>DXUT</Filter>
    </ClCompile>
    <ClCompile Include="DXUT\Optional\DXUTres.cpp">
      <Filter>DXUT</Filter>
    </ClCompile>
    <ClCompile Include="DXUT\Optional\DXUTsettingsdlg.cpp">
      <Filter>DXUT</Filter>
    </ClCompile>
    <ClCompile Include="DXUT\Optional\SDKmesh.cpp">
      <Filter>DXUT</Filter>
    </ClCompile>
    <ClCompile Include="DXUT\Optional\SDKmisc.cpp">
      <Filter>DXUT</Filter>
    </ClCompile>
  </ItemGroup>
  <ItemGroup>
    <ClCompile Include="10DUCKEngine.cpp" />
    <ClCompile Include="GraphicManager.cpp">
      <Filter>Managers</Filter>
    </ClCompile>
    <ClCompile Include="ObjectManager.cpp">
      <Filter>Managers</Filter>
    </ClCompile>
    <ClCompile Include="GameObject.cpp">
      <Filter>GameObject\Base</Filter>
    </ClCompile>
    <ClCompile Include="TextureInfo.cpp">
      <Filter>Component</Filter>
    </ClCompile>
    <ClCompile Include="BoxCollider.cpp">
      <Filter>Component</Filter>
    </ClCompile>
    <ClCompile Include="Camera.cpp">
      <Filter>Managers</Filter>
    </ClCompile>
    <ClCompile Include="TextureManager.cpp">
      <Filter>Managers</Filter>
    </ClCompile>
    <ClCompile Include="SceneManager.cpp">
      <Filter>Managers</Filter>
    </ClCompile>
    <ClCompile Include="Text.cpp">
      <Filter>GameObject\Base</Filter>
    </ClCompile>
    <ClCompile Include="DXUT\Optional\SDKsound.cpp">
      <Filter>DXUT</Filter>
    </ClCompile>
    <ClCompile Include="DXUT\Optional\SDKwavefile.cpp">
      <Filter>DXUT</Filter>
    </ClCompile>
    <ClCompile Include="SoundManager.cpp">
      <Filter>Managers</Filter>
    </ClCompile>
    <ClCompile Include="Layer.cpp">
      <Filter>Managers</Filter>
    </ClCompile>
    <ClCompile Include="TitleBG.cpp">
      <Filter>GameObject\Scene\Title</Filter>
    </ClCompile>
    <ClCompile Include="TitleStartBtn.cpp">
      <Filter>GameObject\Scene\Title</Filter>
    </ClCompile>
    <ClCompile Include="Block.cpp">
      <Filter>GameObject\Stage</Filter>
    </ClCompile>
    <ClCompile Include="Player.cpp">
      <Filter>GameObject\Character</Filter>
    </ClCompile>
    <ClCompile Include="Background.cpp">
      <Filter>GameObject\Stage</Filter>
    </ClCompile>
    <ClCompile Include="TitleOptionBtn.cpp">
      <Filter>GameObject\Scene\Title</Filter>
    </ClCompile>
    <ClCompile Include="MouseInput.cpp">
      <Filter>Managers</Filter>
    </ClCompile>
  </ItemGroup>
  <ItemGroup>
    <CLInclude Include="resource.h">
      <Filter>Resource Files</Filter>
    </CLInclude>
    <ResourceCompile Include="10DUCKEngine.rc">
      <Filter>Resource Files</Filter>
    </ResourceCompile>
    <ClInclude Include="10DUCKEngine.h" />
    <ClInclude Include="GraphicManager.h">
      <Filter>Managers</Filter>
    </ClInclude>
    <ClInclude Include="ObjectManager.h">
      <Filter>Managers</Filter>
    </ClInclude>
    <ClInclude Include="GameObject.h">
      <Filter>GameObject\Base</Filter>
    </ClInclude>
    <ClInclude Include="TextureInfo.h">
      <Filter>Component</Filter>
    </ClInclude>
    <ClInclude Include="BoxCollider.h">
      <Filter>Component</Filter>
    </ClInclude>
    <ClInclude Include="Camera.h">
      <Filter>Managers</Filter>
    </ClInclude>
    <ClInclude Include="TextureManager.h">
      <Filter>Managers</Filter>
    </ClInclude>
    <ClInclude Include="SceneManager.h">
      <Filter>Managers</Filter>
    </ClInclude>
    <ClInclude Include="Text.h">
      <Filter>GameObject\Base</Filter>
    </ClInclude>
    <ClInclude Include="DXUT\Optional\SDKsound.h">
      <Filter>DXUT</Filter>
    </ClInclude>
    <ClInclude Include="DXUT\Optional\SDKwavefile.h">
      <Filter>DXUT</Filter>
    </ClInclude>
    <ClInclude Include="SoundManager.h">
      <Filter>Managers</Filter>
    </ClInclude>
    <ClInclude Include="Layer.h">
      <Filter>Managers</Filter>
    </ClInclude>
    <ClInclude Include="TitleBG.h">
      <Filter>GameObject\Scene\Title</Filter>
    </ClInclude>
    <ClInclude Include="TitleStartBtn.h">
      <Filter>GameObject\Scene\Title</Filter>
    </ClInclude>
    <ClInclude Include="Block.h">
      <Filter>GameObject\Stage</Filter>
    </ClInclude>
    <ClInclude Include="Player.h">
      <Filter>GameObject\Character</Filter>
    </ClInclude>
    <ClInclude Include="Background.h">
      <Filter>GameObject\Stage</Filter>
    </ClInclude>
    <ClInclude Include="TitleOptionBtn.h">
      <Filter>GameObject\Scene\Title</Filter>
    </ClInclude>
    <ClInclude Include="MouseInput.h">
      <Filter>Managers</Filter>
    </ClInclude>
  </ItemGroup>
  <ItemGroup>
  </ItemGroup>
</Project>